
Microsoft Visual Studio Solution File, Format Version 12.00
# Visual Studio Version 17
VisualStudioVersion = 17.9.34701.34
MinimumVisualStudioVersion = 10.0.40219.1
Project("{FAE04EC0-301F-11D3-BF4B-00C04F79EFBC}") = "WpfAppWindowAPPMutex", "WpfAppWindowAPPMutex\WpfAppWindowAPPMutex.csproj", "{13E40F8E-4B0F-4706-B20F-9DF8182DA70A}"
EndProject
Project("{FAE04EC0-301F-11D3-BF4B-00C04F79EFBC}") = "WpfApp_The_Casino_app", "WpfApp_The_Casino_app\WpfApp_The_Casino_app.csproj", "{7A079FB6-D875-4B2F-B2AF-D5DBF4F0A61B}"
EndProject
Global
	GlobalSection(SolutionConfigurationPlatforms) = preSolution
		Debug|Any CPU = Debug|Any CPU
		Release|Any CPU = Release|Any CPU
	EndGlobalSection
	GlobalSection(ProjectConfigurationPlatforms) = postSolution
		{13E40F8E-4B0F-4706-B20F-9DF8182DA70A}.Debug|Any CPU.ActiveCfg = Debug|Any CPU
		{13E40F8E-4B0F-4706-B20F-9DF8182DA70A}.Debug|Any CPU.Build.0 = Debug|Any CPU
		{13E40F8E-4B0F-4706-B20F-9DF8182DA70A}.Release|Any CPU.ActiveCfg = Release|Any CPU
		{13E40F8E-4B0F-4706-B20F-9DF8182DA70A}.Release|Any CPU.Build.0 = Release|Any CPU
		{7A079FB6-D875-4B2F-B2AF-D5DBF4F0A61B}.Debug|Any CPU.ActiveCfg = Debug|Any CPU
		{7A079FB6-D875-4B2F-B2AF-D5DBF4F0A61B}.Debug|Any CPU.Build.0 = Debug|Any CPU
		{7A079FB6-D875-4B2F-B2AF-D5DBF4F0A61B}.Release|Any CPU.ActiveCfg = Release|Any CPU
		{7A079FB6-D875-4B2F-B2AF-D5DBF4F0A61B}.Release|Any CPU.Build.0 = Release|Any CPU
	EndGlobalSection
	GlobalSection(SolutionProperties) = preSolution
		HideSolutionNode = FALSE
	EndGlobalSection
	GlobalSection(ExtensibilityGlobals) = postSolution
		SolutionGuid = {5545BBFF-4569-4264-A103-9CBF66E88883}
	EndGlobalSection
EndGlobal
